
Microsoft Visual Studio Solution File, Format Version 12.00
# Visual Studio Version 17
VisualStudioVersion = 17.5.002.0
MinimumVisualStudioVersion = 10.0.40219.1
Project("{9A19103F-16F7-4668-BE54-9A1E7A4F7556}") = "woww", "woww.csproj", "{4AB75418-FC1E-473D-BBAE-C8D6A2CF7247}"
EndProject
Global
	GlobalSection(SolutionConfigurationPlatforms) = preSolution
		Debug|Any CPU = Debug|Any CPU
		Release|Any CPU = Release|Any CPU
	EndGlobalSection
	GlobalSection(ProjectConfigurationPlatforms) = postSolution
		{4AB75418-FC1E-473D-BBAE-C8D6A2CF7247}.Debug|Any CPU.ActiveCfg = Debug|Any CPU
		{4AB75418-FC1E-473D-BBAE-C8D6A2CF7247}.Debug|Any CPU.Build.0 = Debug|Any CPU
		{4AB75418-FC1E-473D-BBAE-C8D6A2CF7247}.Release|Any CPU.ActiveCfg = Release|Any CPU
		{4AB75418-FC1E-473D-BBAE-C8D6A2CF7247}.Release|Any CPU.Build.0 = Release|Any CPU
	EndGlobalSection
	GlobalSection(SolutionProperties) = preSolution
		HideSolutionNode = FALSE
	EndGlobalSection
	GlobalSection(ExtensibilityGlobals) = postSolution
		SolutionGuid = {0AD72F92-102B-44FE-B708-C4FEF8C7A7FB}
	EndGlobalSection
EndGlobal
